// !$*UTF8*$!
{
	archiveVersion = 1;
	classes = {
	};
	objectVersion = 56;
	objects = {

/* Begin PBXBuildFile section */
		4A2E72F32BCD2E2300AE877F /* BlappApp.swift in Sources */ = {isa = PBXBuildFile; fileRef = 4A2E72F22BCD2E2300AE877F /* BlappApp.swift */; };
		4A2E72F52BCD2E2300AE877F /* StartPageUI.swift in Sources */ = {isa = PBXBuildFile; fileRef = 4A2E72F42BCD2E2300AE877F /* StartPageUI.swift */; };
		4A2E72F72BCD2E2500AE877F /* Assets.xcassets in Resources */ = {isa = PBXBuildFile; fileRef = 4A2E72F62BCD2E2500AE877F /* Assets.xcassets */; };
		4A2E72FA2BCD2E2500AE877F /* Preview Assets.xcassets in Resources */ = {isa = PBXBuildFile; fileRef = 4A2E72F92BCD2E2500AE877F /* Preview Assets.xcassets */; };
		4A2E73042BCD2E2500AE877F /* BlappTests.swift in Sources */ = {isa = PBXBuildFile; fileRef = 4A2E73032BCD2E2500AE877F /* BlappTests.swift */; };
		4A2E730E2BCD2E2500AE877F /* BlappUITests.swift in Sources */ = {isa = PBXBuildFile; fileRef = 4A2E730D2BCD2E2500AE877F /* BlappUITests.swift */; };
		4A2E73102BCD2E2500AE877F /* BlappUITestsLaunchTests.swift in Sources */ = {isa = PBXBuildFile; fileRef = 4A2E730F2BCD2E2500AE877F /* BlappUITestsLaunchTests.swift */; };
		4A2E73252BCD663500AE877F /* Info.xcprivacy in Resources */ = {isa = PBXBuildFile; fileRef = 4A2E73242BCD5FF400AE877F /* Info.xcprivacy */; };
		4A831BF02BD7F2B700A1A662 /* ProcessFrame.swift in Sources */ = {isa = PBXBuildFile; fileRef = 4A831BEF2BD7F2B700A1A662 /* ProcessFrame.swift */; };
		4A831BFB2BDA7F5100A1A662 /* CalculateVolume.swift in Sources */ = {isa = PBXBuildFile; fileRef = 4A831BFA2BDA7F5100A1A662 /* CalculateVolume.swift */; };
		4AD966F12BD7EB7900CF01DD /* ObjectDetection.cpp in Sources */ = {isa = PBXBuildFile; fileRef = 4AD966ED2BD7EB7900CF01DD /* ObjectDetection.cpp */; };
		4AD966F72BD7EB8A00CF01DD /* OpenCVWrapper.mm in Sources */ = {isa = PBXBuildFile; fileRef = 4AD966F52BD7EB8A00CF01DD /* OpenCVWrapper.mm */; };
		7A4946642BD7F35100F9891C /* (null) in Sources */ = {isa = PBXBuildFile; };
		D0584DC52BCE920400EFE8A4 /* mervale-script.ttf in Resources */ = {isa = PBXBuildFile; fileRef = D0584DC42BCE920400EFE8A4 /* mervale-script.ttf */; };
		D0584DC82BCE9DFE00EFE8A4 /* mervale-script.ttf in Resources */ = {isa = PBXBuildFile; fileRef = D0584DC42BCE920400EFE8A4 /* mervale-script.ttf */; };
		D0584DC92BCE9DFE00EFE8A4 /* mervale-script.ttf in Resources */ = {isa = PBXBuildFile; fileRef = D0584DC42BCE920400EFE8A4 /* mervale-script.ttf */; };
		D0584DD12BCEBCCD00EFE8A4 /* Assets.xcassets in Resources */ = {isa = PBXBuildFile; fileRef = 4A2E72F62BCD2E2500AE877F /* Assets.xcassets */; };
		D0584DD22BCEBCCE00EFE8A4 /* Assets.xcassets in Resources */ = {isa = PBXBuildFile; fileRef = 4A2E72F62BCD2E2500AE877F /* Assets.xcassets */; };
		D09887BA2BE0DC36007EA91E /* YuseiMagic-Regular.ttf in Resources */ = {isa = PBXBuildFile; fileRef = D09887B92BE0DC36007EA91E /* YuseiMagic-Regular.ttf */; };
		D09887BC2BE0E69F007EA91E /* TutorialView.swift in Sources */ = {isa = PBXBuildFile; fileRef = D09887BB2BE0E69F007EA91E /* TutorialView.swift */; };
		D0AA03712BCFA36E00C4ECC5 /* CameraUI.swift in Sources */ = {isa = PBXBuildFile; fileRef = D0AA03702BCFA36E00C4ECC5 /* CameraUI.swift */; };
		D0AA03772BD102C000C4ECC5 /* FrameHandler.swift in Sources */ = {isa = PBXBuildFile; fileRef = D0AA03762BD102BF00C4ECC5 /* FrameHandler.swift */; };
		D0AA03832BD1166800C4ECC5 /* CameraView.swift in Sources */ = {isa = PBXBuildFile; fileRef = D0AA03822BD1166800C4ECC5 /* CameraView.swift */; };
		D0AA03842BD1166800C4ECC5 /* CameraView.swift in Sources */ = {isa = PBXBuildFile; fileRef = D0AA03822BD1166800C4ECC5 /* CameraView.swift */; };
		D0AA03852BD1166800C4ECC5 /* CameraView.swift in Sources */ = {isa = PBXBuildFile; fileRef = D0AA03822BD1166800C4ECC5 /* CameraView.swift */; };
		D0AA03872BD1676700C4ECC5 /* Launch Screen.storyboard in Resources */ = {isa = PBXBuildFile; fileRef = D0AA03862BD1676600C4ECC5 /* Launch Screen.storyboard */; };
		D0AA03882BD1676700C4ECC5 /* Launch Screen.storyboard in Resources */ = {isa = PBXBuildFile; fileRef = D0AA03862BD1676600C4ECC5 /* Launch Screen.storyboard */; };
		D0AA03892BD1676700C4ECC5 /* Launch Screen.storyboard in Resources */ = {isa = PBXBuildFile; fileRef = D0AA03862BD1676600C4ECC5 /* Launch Screen.storyboard */; };
		D0AA038F2BD78D3600C4ECC5 /* opencv2.framework in Frameworks */ = {isa = PBXBuildFile; fileRef = D0AA038E2BD78D3400C4ECC5 /* opencv2.framework */; };
		D0AA03902BD78D3900C4ECC5 /* opencv2.framework in Frameworks */ = {isa = PBXBuildFile; fileRef = D0AA038E2BD78D3400C4ECC5 /* opencv2.framework */; };
		D0AA03912BD78D3B00C4ECC5 /* opencv2.framework in Frameworks */ = {isa = PBXBuildFile; fileRef = D0AA038E2BD78D3400C4ECC5 /* opencv2.framework */; };
		D0AA039A2BDA2F6100C4ECC5 /* PixelSize.swift in Sources */ = {isa = PBXBuildFile; fileRef = D0AA03992BDA2F6100C4ECC5 /* PixelSize.swift */; };
		D0AA039C2BDA392A00C4ECC5 /* CalculateArea.swift in Sources */ = {isa = PBXBuildFile; fileRef = D0AA039B2BDA392A00C4ECC5 /* CalculateArea.swift */; };
/* End PBXBuildFile section */

/* Begin PBXContainerItemProxy section */
		4A2E73002BCD2E2500AE877F /* PBXContainerItemProxy */ = {
			isa = PBXContainerItemProxy;
			containerPortal = 4A2E72E72BCD2E2300AE877F /* Project object */;
			proxyType = 1;
			remoteGlobalIDString = 4A2E72EE2BCD2E2300AE877F;
			remoteInfo = Blapp;
		};
		4A2E730A2BCD2E2500AE877F /* PBXContainerItemProxy */ = {
			isa = PBXContainerItemProxy;
			containerPortal = 4A2E72E72BCD2E2300AE877F /* Project object */;
			proxyType = 1;
			remoteGlobalIDString = 4A2E72EE2BCD2E2300AE877F;
			remoteInfo = Blapp;
		};
/* End PBXContainerItemProxy section */

/* Begin PBXFileReference section */
		4A2E72EF2BCD2E2300AE877F /* Blapp.app */ = {isa = PBXFileReference; explicitFileType = wrapper.application; includeInIndex = 0; path = Blapp.app; sourceTree = BUILT_PRODUCTS_DIR; };
		4A2E72F22BCD2E2300AE877F /* BlappApp.swift */ = {isa = PBXFileReference; lastKnownFileType = sourcecode.swift; path = BlappApp.swift; sourceTree = "<group>"; };
		4A2E72F42BCD2E2300AE877F /* StartPageUI.swift */ = {isa = PBXFileReference; lastKnownFileType = sourcecode.swift; path = StartPageUI.swift; sourceTree = "<group>"; };
		4A2E72F62BCD2E2500AE877F /* Assets.xcassets */ = {isa = PBXFileReference; lastKnownFileType = folder.assetcatalog; path = Assets.xcassets; sourceTree = "<group>"; };
		4A2E72F92BCD2E2500AE877F /* Preview Assets.xcassets */ = {isa = PBXFileReference; lastKnownFileType = folder.assetcatalog; path = "Preview Assets.xcassets"; sourceTree = "<group>"; };
		4A2E72FF2BCD2E2500AE877F /* BlappTests.xctest */ = {isa = PBXFileReference; explicitFileType = wrapper.cfbundle; includeInIndex = 0; path = BlappTests.xctest; sourceTree = BUILT_PRODUCTS_DIR; };
		4A2E73032BCD2E2500AE877F /* BlappTests.swift */ = {isa = PBXFileReference; lastKnownFileType = sourcecode.swift; path = BlappTests.swift; sourceTree = "<group>"; };
		4A2E73092BCD2E2500AE877F /* BlappUITests.xctest */ = {isa = PBXFileReference; explicitFileType = wrapper.cfbundle; includeInIndex = 0; path = BlappUITests.xctest; sourceTree = BUILT_PRODUCTS_DIR; };
		4A2E730D2BCD2E2500AE877F /* BlappUITests.swift */ = {isa = PBXFileReference; lastKnownFileType = sourcecode.swift; path = BlappUITests.swift; sourceTree = "<group>"; };
		4A2E730F2BCD2E2500AE877F /* BlappUITestsLaunchTests.swift */ = {isa = PBXFileReference; lastKnownFileType = sourcecode.swift; path = BlappUITestsLaunchTests.swift; sourceTree = "<group>"; };
		4A2E73242BCD5FF400AE877F /* Info.xcprivacy */ = {isa = PBXFileReference; lastKnownFileType = text.xml; path = Info.xcprivacy; sourceTree = "<group>"; };
		4A831BEF2BD7F2B700A1A662 /* ProcessFrame.swift */ = {isa = PBXFileReference; lastKnownFileType = sourcecode.swift; path = ProcessFrame.swift; sourceTree = "<group>"; };
		4A831BFA2BDA7F5100A1A662 /* CalculateVolume.swift */ = {isa = PBXFileReference; lastKnownFileType = sourcecode.swift; path = CalculateVolume.swift; sourceTree = "<group>"; };
		4AD966ED2BD7EB7900CF01DD /* ObjectDetection.cpp */ = {isa = PBXFileReference; fileEncoding = 4; lastKnownFileType = sourcecode.cpp.cpp; path = ObjectDetection.cpp; sourceTree = "<group>"; };
		4AD966EE2BD7EB7900CF01DD /* ObjectDetection.hpp */ = {isa = PBXFileReference; fileEncoding = 4; lastKnownFileType = sourcecode.cpp.h; path = ObjectDetection.hpp; sourceTree = "<group>"; };
		4AD966EF2BD7EB7900CF01DD /* Blapp-Bridging-Header.h */ = {isa = PBXFileReference; fileEncoding = 4; lastKnownFileType = sourcecode.c.h; path = "Blapp-Bridging-Header.h"; sourceTree = "<group>"; };
		4AD966F02BD7EB7900CF01DD /* PrefixHeader.pch */ = {isa = PBXFileReference; fileEncoding = 4; lastKnownFileType = sourcecode.c.h; path = PrefixHeader.pch; sourceTree = "<group>"; };
		4AD966F22BD7EB8900CF01DD /* OpenCVWrapper.h */ = {isa = PBXFileReference; fileEncoding = 4; lastKnownFileType = sourcecode.c.h; path = OpenCVWrapper.h; sourceTree = "<group>"; };
		4AD966F52BD7EB8A00CF01DD /* OpenCVWrapper.mm */ = {isa = PBXFileReference; fileEncoding = 4; lastKnownFileType = sourcecode.cpp.objcpp; path = OpenCVWrapper.mm; sourceTree = "<group>"; };
		D0584DC42BCE920400EFE8A4 /* mervale-script.ttf */ = {isa = PBXFileReference; lastKnownFileType = file; path = "mervale-script.ttf"; sourceTree = "<group>"; };
		D0584DCA2BCE9F3900EFE8A4 /* Info.plist */ = {isa = PBXFileReference; lastKnownFileType = text.plist; path = Info.plist; sourceTree = "<group>"; };
		D09887B92BE0DC36007EA91E /* YuseiMagic-Regular.ttf */ = {isa = PBXFileReference; lastKnownFileType = file; name = "YuseiMagic-Regular.ttf"; path = "../../../Downloads/Yusei_Magic/YuseiMagic-Regular.ttf"; sourceTree = "<group>"; };
		D09887BB2BE0E69F007EA91E /* TutorialView.swift */ = {isa = PBXFileReference; lastKnownFileType = sourcecode.swift; path = TutorialView.swift; sourceTree = "<group>"; };
		D0AA03702BCFA36E00C4ECC5 /* CameraUI.swift */ = {isa = PBXFileReference; lastKnownFileType = sourcecode.swift; path = CameraUI.swift; sourceTree = "<group>"; };
		D0AA03762BD102BF00C4ECC5 /* FrameHandler.swift */ = {isa = PBXFileReference; lastKnownFileType = sourcecode.swift; path = FrameHandler.swift; sourceTree = "<group>"; };
		D0AA03822BD1166800C4ECC5 /* CameraView.swift */ = {isa = PBXFileReference; lastKnownFileType = sourcecode.swift; path = CameraView.swift; sourceTree = "<group>"; };
		D0AA03862BD1676600C4ECC5 /* Launch Screen.storyboard */ = {isa = PBXFileReference; fileEncoding = 4; lastKnownFileType = file.storyboard; path = "Launch Screen.storyboard"; sourceTree = "<group>"; };
		D0AA038E2BD78D3400C4ECC5 /* opencv2.framework */ = {isa = PBXFileReference; lastKnownFileType = wrapper.framework; path = opencv2.framework; sourceTree = SOURCE_ROOT; };
		D0AA03992BDA2F6100C4ECC5 /* PixelSize.swift */ = {isa = PBXFileReference; lastKnownFileType = sourcecode.swift; path = PixelSize.swift; sourceTree = "<group>"; };
		D0AA039B2BDA392A00C4ECC5 /* CalculateArea.swift */ = {isa = PBXFileReference; lastKnownFileType = sourcecode.swift; path = CalculateArea.swift; sourceTree = "<group>"; };
/* End PBXFileReference section */

/* Begin PBXFrameworksBuildPhase section */
		4A2E72EC2BCD2E2300AE877F /* Frameworks */ = {
			isa = PBXFrameworksBuildPhase;
			buildActionMask = 2147483647;
			files = (
				D0AA038F2BD78D3600C4ECC5 /* opencv2.framework in Frameworks */,
			);
			runOnlyForDeploymentPostprocessing = 0;
		};
		4A2E72FC2BCD2E2500AE877F /* Frameworks */ = {
			isa = PBXFrameworksBuildPhase;
			buildActionMask = 2147483647;
			files = (
				D0AA03902BD78D3900C4ECC5 /* opencv2.framework in Frameworks */,
			);
			runOnlyForDeploymentPostprocessing = 0;
		};
		4A2E73062BCD2E2500AE877F /* Frameworks */ = {
			isa = PBXFrameworksBuildPhase;
			buildActionMask = 2147483647;
			files = (
				D0AA03912BD78D3B00C4ECC5 /* opencv2.framework in Frameworks */,
			);
			runOnlyForDeploymentPostprocessing = 0;
		};
/* End PBXFrameworksBuildPhase section */

/* Begin PBXGroup section */
		4A2E72E62BCD2E2300AE877F = {
			isa = PBXGroup;
			children = (
				4A2E73242BCD5FF400AE877F /* Info.xcprivacy */,
				D0AA038E2BD78D3400C4ECC5 /* opencv2.framework */,
				4AD966EF2BD7EB7900CF01DD /* Blapp-Bridging-Header.h */,
				4AD966ED2BD7EB7900CF01DD /* ObjectDetection.cpp */,
				4AD966EE2BD7EB7900CF01DD /* ObjectDetection.hpp */,
				4AD966F02BD7EB7900CF01DD /* PrefixHeader.pch */,
				4A2E72F12BCD2E2300AE877F /* Blapp */,
				4A2E73022BCD2E2500AE877F /* BlappTests */,
				4A2E730C2BCD2E2500AE877F /* BlappUITests */,
				4A2E72F02BCD2E2300AE877F /* Products */,
			);
			sourceTree = "<group>";
		};
		4A2E72F02BCD2E2300AE877F /* Products */ = {
			isa = PBXGroup;
			children = (
				4A2E72EF2BCD2E2300AE877F /* Blapp.app */,
				4A2E72FF2BCD2E2500AE877F /* BlappTests.xctest */,
				4A2E73092BCD2E2500AE877F /* BlappUITests.xctest */,
			);
			name = Products;
			sourceTree = "<group>";
		};
		4A2E72F12BCD2E2300AE877F /* Blapp */ = {
			isa = PBXGroup;
			children = (
				D0584DC42BCE920400EFE8A4 /* mervale-script.ttf */,
				D0584DCA2BCE9F3900EFE8A4 /* Info.plist */,
				D0AA03862BD1676600C4ECC5 /* Launch Screen.storyboard */,
				4A2E731D2BCD546300AE877F /* Model */,
				4A2E731C2BCD544F00AE877F /* UI */,
				4A2E72F22BCD2E2300AE877F /* BlappApp.swift */,
				D0AA03762BD102BF00C4ECC5 /* FrameHandler.swift */,
				4A831BFA2BDA7F5100A1A662 /* CalculateVolume.swift */,
				D0AA039B2BDA392A00C4ECC5 /* CalculateArea.swift */,
				D0AA03992BDA2F6100C4ECC5 /* PixelSize.swift */,
				4A831BEF2BD7F2B700A1A662 /* ProcessFrame.swift */,
				4AD966F22BD7EB8900CF01DD /* OpenCVWrapper.h */,
				4AD966F52BD7EB8A00CF01DD /* OpenCVWrapper.mm */,
				D0AA03822BD1166800C4ECC5 /* CameraView.swift */,
				D0AA03702BCFA36E00C4ECC5 /* CameraUI.swift */,
				D09887B92BE0DC36007EA91E /* YuseiMagic-Regular.ttf */,
				4A2E72F42BCD2E2300AE877F /* StartPageUI.swift */,
				D09887BB2BE0E69F007EA91E /* TutorialView.swift */,
				4A2E72F62BCD2E2500AE877F /* Assets.xcassets */,
				4A2E72F82BCD2E2500AE877F /* Preview Content */,
			);
			path = Blapp;
			sourceTree = "<group>";
		};
		4A2E72F82BCD2E2500AE877F /* Preview Content */ = {
			isa = PBXGroup;
			children = (
				4A2E72F92BCD2E2500AE877F /* Preview Assets.xcassets */,
			);
			path = "Preview Content";
			sourceTree = "<group>";
		};
		4A2E73022BCD2E2500AE877F /* BlappTests */ = {
			isa = PBXGroup;
			children = (
				4A2E73032BCD2E2500AE877F /* BlappTests.swift */,
			);
			path = BlappTests;
			sourceTree = "<group>";
		};
		4A2E730C2BCD2E2500AE877F /* BlappUITests */ = {
			isa = PBXGroup;
			children = (
				4A2E730D2BCD2E2500AE877F /* BlappUITests.swift */,
				4A2E730F2BCD2E2500AE877F /* BlappUITestsLaunchTests.swift */,
			);
			path = BlappUITests;
			sourceTree = "<group>";
		};
		4A2E731C2BCD544F00AE877F /* UI */ = {
			isa = PBXGroup;
			children = (
			);
			path = UI;
			sourceTree = "<group>";
		};
		4A2E731D2BCD546300AE877F /* Model */ = {
			isa = PBXGroup;
			children = (
			);
			path = Model;
			sourceTree = "<group>";
		};
/* End PBXGroup section */

/* Begin PBXNativeTarget section */
		4A2E72EE2BCD2E2300AE877F /* Blapp */ = {
			isa = PBXNativeTarget;
			buildConfigurationList = 4A2E73132BCD2E2500AE877F /* Build configuration list for PBXNativeTarget "Blapp" */;
			buildPhases = (
				4A2E72EB2BCD2E2300AE877F /* Sources */,
				4A2E72EC2BCD2E2300AE877F /* Frameworks */,
				4A2E72ED2BCD2E2300AE877F /* Resources */,
			);
			buildRules = (
			);
			dependencies = (
			);
			name = Blapp;
			productName = Blapp;
			productReference = 4A2E72EF2BCD2E2300AE877F /* Blapp.app */;
			productType = "com.apple.product-type.application";
		};
		4A2E72FE2BCD2E2500AE877F /* BlappTests */ = {
			isa = PBXNativeTarget;
			buildConfigurationList = 4A2E73162BCD2E2500AE877F /* Build configuration list for PBXNativeTarget "BlappTests" */;
			buildPhases = (
				4A2E72FB2BCD2E2500AE877F /* Sources */,
				4A2E72FC2BCD2E2500AE877F /* Frameworks */,
				4A2E72FD2BCD2E2500AE877F /* Resources */,
			);
			buildRules = (
			);
			dependencies = (
				4A2E73012BCD2E2500AE877F /* PBXTargetDependency */,
			);
			name = BlappTests;
			productName = BlappTests;
			productReference = 4A2E72FF2BCD2E2500AE877F /* BlappTests.xctest */;
			productType = "com.apple.product-type.bundle.unit-test";
		};
		4A2E73082BCD2E2500AE877F /* BlappUITests */ = {
			isa = PBXNativeTarget;
			buildConfigurationList = 4A2E73192BCD2E2500AE877F /* Build configuration list for PBXNativeTarget "BlappUITests" */;
			buildPhases = (
				4A2E73052BCD2E2500AE877F /* Sources */,
				4A2E73062BCD2E2500AE877F /* Frameworks */,
				4A2E73072BCD2E2500AE877F /* Resources */,
			);
			buildRules = (
			);
			dependencies = (
				4A2E730B2BCD2E2500AE877F /* PBXTargetDependency */,
			);
			name = BlappUITests;
			productName = BlappUITests;
			productReference = 4A2E73092BCD2E2500AE877F /* BlappUITests.xctest */;
			productType = "com.apple.product-type.bundle.ui-testing";
		};
/* End PBXNativeTarget section */

/* Begin PBXProject section */
		4A2E72E72BCD2E2300AE877F /* Project object */ = {
			isa = PBXProject;
			attributes = {
				BuildIndependentTargetsInParallel = 1;
				LastSwiftUpdateCheck = 1530;
				LastUpgradeCheck = 1530;
				TargetAttributes = {
					4A2E72EE2BCD2E2300AE877F = {
						CreatedOnToolsVersion = 15.3;
						LastSwiftMigration = 1530;
					};
					4A2E72FE2BCD2E2500AE877F = {
						CreatedOnToolsVersion = 15.3;
						TestTargetID = 4A2E72EE2BCD2E2300AE877F;
					};
					4A2E73082BCD2E2500AE877F = {
						CreatedOnToolsVersion = 15.3;
						TestTargetID = 4A2E72EE2BCD2E2300AE877F;
					};
				};
			};
			buildConfigurationList = 4A2E72EA2BCD2E2300AE877F /* Build configuration list for PBXProject "Blapp" */;
			compatibilityVersion = "Xcode 14.0";
			developmentRegion = en;
			hasScannedForEncodings = 0;
			knownRegions = (
				en,
				Base,
			);
			mainGroup = 4A2E72E62BCD2E2300AE877F;
			productRefGroup = 4A2E72F02BCD2E2300AE877F /* Products */;
			projectDirPath = "";
			projectRoot = "";
			targets = (
				4A2E72EE2BCD2E2300AE877F /* Blapp */,
				4A2E72FE2BCD2E2500AE877F /* BlappTests */,
				4A2E73082BCD2E2500AE877F /* BlappUITests */,
			);
		};
/* End PBXProject section */

/* Begin PBXResourcesBuildPhase section */
		4A2E72ED2BCD2E2300AE877F /* Resources */ = {
			isa = PBXResourcesBuildPhase;
			buildActionMask = 2147483647;
			files = (
				D0584DC52BCE920400EFE8A4 /* mervale-script.ttf in Resources */,
				D09887BA2BE0DC36007EA91E /* YuseiMagic-Regular.ttf in Resources */,
				4A2E72FA2BCD2E2500AE877F /* Preview Assets.xcassets in Resources */,
				4A2E72F72BCD2E2500AE877F /* Assets.xcassets in Resources */,
				D0AA03872BD1676700C4ECC5 /* Launch Screen.storyboard in Resources */,
				4A2E73252BCD663500AE877F /* Info.xcprivacy in Resources */,
			);
			runOnlyForDeploymentPostprocessing = 0;
		};
		4A2E72FD2BCD2E2500AE877F /* Resources */ = {
			isa = PBXResourcesBuildPhase;
			buildActionMask = 2147483647;
			files = (
				D0AA03882BD1676700C4ECC5 /* Launch Screen.storyboard in Resources */,
				D0584DC82BCE9DFE00EFE8A4 /* mervale-script.ttf in Resources */,
				D0584DD12BCEBCCD00EFE8A4 /* Assets.xcassets in Resources */,
			);
			runOnlyForDeploymentPostprocessing = 0;
		};
		4A2E73072BCD2E2500AE877F /* Resources */ = {
			isa = PBXResourcesBuildPhase;
			buildActionMask = 2147483647;
			files = (
				D0AA03892BD1676700C4ECC5 /* Launch Screen.storyboard in Resources */,
				D0584DC92BCE9DFE00EFE8A4 /* mervale-script.ttf in Resources */,
				D0584DD22BCEBCCE00EFE8A4 /* Assets.xcassets in Resources */,
			);
			runOnlyForDeploymentPostprocessing = 0;
		};
/* End PBXResourcesBuildPhase section */

/* Begin PBXSourcesBuildPhase section */
		4A2E72EB2BCD2E2300AE877F /* Sources */ = {
			isa = PBXSourcesBuildPhase;
			buildActionMask = 2147483647;
			files = (
				4AD966F72BD7EB8A00CF01DD /* OpenCVWrapper.mm in Sources */,
				4A831BF02BD7F2B700A1A662 /* ProcessFrame.swift in Sources */,
				4A831BFB2BDA7F5100A1A662 /* CalculateVolume.swift in Sources */,
				D0AA03712BCFA36E00C4ECC5 /* CameraUI.swift in Sources */,
				4A2E72F52BCD2E2300AE877F /* StartPageUI.swift in Sources */,
				4AD966F12BD7EB7900CF01DD /* ObjectDetection.cpp in Sources */,
				D0AA03832BD1166800C4ECC5 /* CameraView.swift in Sources */,
				D0AA039C2BDA392A00C4ECC5 /* CalculateArea.swift in Sources */,
				D0AA039A2BDA2F6100C4ECC5 /* PixelSize.swift in Sources */,
				4A2E72F32BCD2E2300AE877F /* BlappApp.swift in Sources */,
				D09887BC2BE0E69F007EA91E /* TutorialView.swift in Sources */,
				D0AA03772BD102C000C4ECC5 /* FrameHandler.swift in Sources */,
				7A4946642BD7F35100F9891C /* (null) in Sources */,
			);
			runOnlyForDeploymentPostprocessing = 0;
		};
		4A2E72FB2BCD2E2500AE877F /* Sources */ = {
			isa = PBXSourcesBuildPhase;
			buildActionMask = 2147483647;
			files = (
				D0AA03842BD1166800C4ECC5 /* CameraView.swift in Sources */,
				4A2E73042BCD2E2500AE877F /* BlappTests.swift in Sources */,
			);
			runOnlyForDeploymentPostprocessing = 0;
		};
		4A2E73052BCD2E2500AE877F /* Sources */ = {
			isa = PBXSourcesBuildPhase;
			buildActionMask = 2147483647;
			files = (
				4A2E73102BCD2E2500AE877F /* BlappUITestsLaunchTests.swift in Sources */,
				4A2E730E2BCD2E2500AE877F /* BlappUITests.swift in Sources */,
				D0AA03852BD1166800C4ECC5 /* CameraView.swift in Sources */,
			);
			runOnlyForDeploymentPostprocessing = 0;
		};
/* End PBXSourcesBuildPhase section */

/* Begin PBXTargetDependency section */
		4A2E73012BCD2E2500AE877F /* PBXTargetDependency */ = {
			isa = PBXTargetDependency;
			target = 4A2E72EE2BCD2E2300AE877F /* Blapp */;
			targetProxy = 4A2E73002BCD2E2500AE877F /* PBXContainerItemProxy */;
		};
		4A2E730B2BCD2E2500AE877F /* PBXTargetDependency */ = {
			isa = PBXTargetDependency;
			target = 4A2E72EE2BCD2E2300AE877F /* Blapp */;
			targetProxy = 4A2E730A2BCD2E2500AE877F /* PBXContainerItemProxy */;
		};
/* End PBXTargetDependency section */

/* Begin XCBuildConfiguration section */
		4A2E73112BCD2E2500AE877F /* Debug */ = {
			isa = XCBuildConfiguration;
			buildSettings = {
				ALWAYS_SEARCH_USER_PATHS = NO;
				ASSETCATALOG_COMPILER_GENERATE_SWIFT_ASSET_SYMBOL_EXTENSIONS = YES;
				CLANG_ANALYZER_NONNULL = YES;
				CLANG_ANALYZER_NUMBER_OBJECT_CONVERSION = YES_AGGRESSIVE;
				CLANG_CXX_LANGUAGE_STANDARD = "gnu++20";
				CLANG_ENABLE_MODULES = YES;
				CLANG_ENABLE_OBJC_ARC = YES;
				CLANG_ENABLE_OBJC_WEAK = YES;
				CLANG_WARN_BLOCK_CAPTURE_AUTORELEASING = YES;
				CLANG_WARN_BOOL_CONVERSION = YES;
				CLANG_WARN_COMMA = YES;
				CLANG_WARN_CONSTANT_CONVERSION = YES;
				CLANG_WARN_DEPRECATED_OBJC_IMPLEMENTATIONS = YES;
				CLANG_WARN_DIRECT_OBJC_ISA_USAGE = YES_ERROR;
				CLANG_WARN_DOCUMENTATION_COMMENTS = YES;
				CLANG_WARN_EMPTY_BODY = YES;
				CLANG_WARN_ENUM_CONVERSION = YES;
				CLANG_WARN_INFINITE_RECURSION = YES;
				CLANG_WARN_INT_CONVERSION = YES;
				CLANG_WARN_NON_LITERAL_NULL_CONVERSION = YES;
				CLANG_WARN_OBJC_IMPLICIT_RETAIN_SELF = YES;
				CLANG_WARN_OBJC_LITERAL_CONVERSION = YES;
				CLANG_WARN_OBJC_ROOT_CLASS = YES_ERROR;
				CLANG_WARN_QUOTED_INCLUDE_IN_FRAMEWORK_HEADER = YES;
				CLANG_WARN_RANGE_LOOP_ANALYSIS = YES;
				CLANG_WARN_STRICT_PROTOTYPES = YES;
				CLANG_WARN_SUSPICIOUS_MOVE = YES;
				CLANG_WARN_UNGUARDED_AVAILABILITY = YES_AGGRESSIVE;
				CLANG_WARN_UNREACHABLE_CODE = YES;
				CLANG_WARN__DUPLICATE_METHOD_MATCH = YES;
				COPY_PHASE_STRIP = NO;
				DEBUG_INFORMATION_FORMAT = dwarf;
				ENABLE_STRICT_OBJC_MSGSEND = YES;
				ENABLE_TESTABILITY = YES;
				ENABLE_USER_SCRIPT_SANDBOXING = YES;
				GCC_C_LANGUAGE_STANDARD = gnu17;
				GCC_DYNAMIC_NO_PIC = NO;
				GCC_NO_COMMON_BLOCKS = YES;
				GCC_OPTIMIZATION_LEVEL = 0;
				GCC_PREPROCESSOR_DEFINITIONS = (
					"DEBUG=1",
					"$(inherited)",
				);
				GCC_WARN_64_TO_32_BIT_CONVERSION = YES;
				GCC_WARN_ABOUT_RETURN_TYPE = YES_ERROR;
				GCC_WARN_UNDECLARED_SELECTOR = YES;
				GCC_WARN_UNINITIALIZED_AUTOS = YES_AGGRESSIVE;
				GCC_WARN_UNUSED_FUNCTION = YES;
				GCC_WARN_UNUSED_VARIABLE = YES;
				IPHONEOS_DEPLOYMENT_TARGET = 17.4;
				LOCALIZATION_PREFERS_STRING_CATALOGS = YES;
				MTL_ENABLE_DEBUG_INFO = INCLUDE_SOURCE;
				MTL_FAST_MATH = YES;
				ONLY_ACTIVE_ARCH = YES;
				SDKROOT = iphoneos;
				SWIFT_ACTIVE_COMPILATION_CONDITIONS = "DEBUG $(inherited)";
				SWIFT_OPTIMIZATION_LEVEL = "-Onone";
			};
			name = Debug;
		};
		4A2E73122BCD2E2500AE877F /* Release */ = {
			isa = XCBuildConfiguration;
			buildSettings = {
				ALWAYS_SEARCH_USER_PATHS = NO;
				ASSETCATALOG_COMPILER_GENERATE_SWIFT_ASSET_SYMBOL_EXTENSIONS = YES;
				CLANG_ANALYZER_NONNULL = YES;
				CLANG_ANALYZER_NUMBER_OBJECT_CONVERSION = YES_AGGRESSIVE;
				CLANG_CXX_LANGUAGE_STANDARD = "gnu++20";
				CLANG_ENABLE_MODULES = YES;
				CLANG_ENABLE_OBJC_ARC = YES;
				CLANG_ENABLE_OBJC_WEAK = YES;
				CLANG_WARN_BLOCK_CAPTURE_AUTORELEASING = YES;
				CLANG_WARN_BOOL_CONVERSION = YES;
				CLANG_WARN_COMMA = YES;
				CLANG_WARN_CONSTANT_CONVERSION = YES;
				CLANG_WARN_DEPRECATED_OBJC_IMPLEMENTATIONS = YES;
				CLANG_WARN_DIRECT_OBJC_ISA_USAGE = YES_ERROR;
				CLANG_WARN_DOCUMENTATION_COMMENTS = YES;
				CLANG_WARN_EMPTY_BODY = YES;
				CLANG_WARN_ENUM_CONVERSION = YES;
				CLANG_WARN_INFINITE_RECURSION = YES;
				CLANG_WARN_INT_CONVERSION = YES;
				CLANG_WARN_NON_LITERAL_NULL_CONVERSION = YES;
				CLANG_WARN_OBJC_IMPLICIT_RETAIN_SELF = YES;
				CLANG_WARN_OBJC_LITERAL_CONVERSION = YES;
				CLANG_WARN_OBJC_ROOT_CLASS = YES_ERROR;
				CLANG_WARN_QUOTED_INCLUDE_IN_FRAMEWORK_HEADER = YES;
				CLANG_WARN_RANGE_LOOP_ANALYSIS = YES;
				CLANG_WARN_STRICT_PROTOTYPES = YES;
				CLANG_WARN_SUSPICIOUS_MOVE = YES;
				CLANG_WARN_UNGUARDED_AVAILABILITY = YES_AGGRESSIVE;
				CLANG_WARN_UNREACHABLE_CODE = YES;
				CLANG_WARN__DUPLICATE_METHOD_MATCH = YES;
				COPY_PHASE_STRIP = NO;
				DEBUG_INFORMATION_FORMAT = "dwarf-with-dsym";
				ENABLE_NS_ASSERTIONS = NO;
				ENABLE_STRICT_OBJC_MSGSEND = YES;
				ENABLE_USER_SCRIPT_SANDBOXING = YES;
				GCC_C_LANGUAGE_STANDARD = gnu17;
				GCC_NO_COMMON_BLOCKS = YES;
				GCC_WARN_64_TO_32_BIT_CONVERSION = YES;
				GCC_WARN_ABOUT_RETURN_TYPE = YES_ERROR;
				GCC_WARN_UNDECLARED_SELECTOR = YES;
				GCC_WARN_UNINITIALIZED_AUTOS = YES_AGGRESSIVE;
				GCC_WARN_UNUSED_FUNCTION = YES;
				GCC_WARN_UNUSED_VARIABLE = YES;
				IPHONEOS_DEPLOYMENT_TARGET = 17.4;
				LOCALIZATION_PREFERS_STRING_CATALOGS = YES;
				MTL_ENABLE_DEBUG_INFO = NO;
				MTL_FAST_MATH = YES;
				SDKROOT = iphoneos;
				SWIFT_COMPILATION_MODE = wholemodule;
				VALIDATE_PRODUCT = YES;
			};
			name = Release;
		};
		4A2E73142BCD2E2500AE877F /* Debug */ = {
			isa = XCBuildConfiguration;
			buildSettings = {
				ASSETCATALOG_COMPILER_APPICON_NAME = AppIcon;
				ASSETCATALOG_COMPILER_GLOBAL_ACCENT_COLOR_NAME = AccentColor;
				ASSETCATALOG_COMPILER_INCLUDE_ALL_APPICON_ASSETS = NO;
				CLANG_ENABLE_MODULES = YES;
				CODE_SIGN_STYLE = Automatic;
				CURRENT_PROJECT_VERSION = 1;
				DEVELOPMENT_ASSET_PATHS = "\"Blapp/Preview Content\"";
				DEVELOPMENT_TEAM = J55NJ8X5FG;
				ENABLE_PREVIEWS = YES;
				FRAMEWORK_SEARCH_PATHS = (
					"$(inherited)",
					"$(PROJECT_DIR)",
				);
				GCC_PREFIX_HEADER = "$(SRCROOT)/PrefixHeader.pch";
				GENERATE_INFOPLIST_FILE = YES;
				INFOPLIST_FILE = Blapp/Info.plist;
				INFOPLIST_KEY_NSCameraUsageDescription = "Camera required for preview";
				INFOPLIST_KEY_UIApplicationSceneManifest_Generation = YES;
				INFOPLIST_KEY_UIApplicationSupportsIndirectInputEvents = YES;
				INFOPLIST_KEY_UILaunchStoryboardName = "Launch Screen.storyboard";
				INFOPLIST_KEY_UISupportedInterfaceOrientations_iPad = "UIInterfaceOrientationPortrait UIInterfaceOrientationPortraitUpsideDown UIInterfaceOrientationLandscapeLeft UIInterfaceOrientationLandscapeRight";
				INFOPLIST_KEY_UISupportedInterfaceOrientations_iPhone = "UIInterfaceOrientationPortrait UIInterfaceOrientationLandscapeLeft UIInterfaceOrientationLandscapeRight";
				LD_RUNPATH_SEARCH_PATHS = (
					"$(inherited)",
					"@executable_path/Frameworks",
				);
				MARKETING_VERSION = 1.0;
				PRODUCT_BUNDLE_IDENTIFIER = KTH.Korp.Blapp.1;
				PRODUCT_NAME = "$(TARGET_NAME)";
				SWIFT_EMIT_LOC_STRINGS = YES;
				SWIFT_OBJC_BRIDGING_HEADER = "Blapp-Bridging-Header.h";
				SWIFT_OPTIMIZATION_LEVEL = "-Onone";
				SWIFT_VERSION = 5.0;
				TARGETED_DEVICE_FAMILY = "1,2";
			};
			name = Debug;
		};
		4A2E73152BCD2E2500AE877F /* Release */ = {
			isa = XCBuildConfiguration;
			buildSettings = {
				ASSETCATALOG_COMPILER_APPICON_NAME = AppIcon;
				ASSETCATALOG_COMPILER_GLOBAL_ACCENT_COLOR_NAME = AccentColor;
				ASSETCATALOG_COMPILER_INCLUDE_ALL_APPICON_ASSETS = NO;
				CLANG_ENABLE_MODULES = YES;
				CODE_SIGN_STYLE = Automatic;
				CURRENT_PROJECT_VERSION = 1;
				DEVELOPMENT_ASSET_PATHS = "\"Blapp/Preview Content\"";
				DEVELOPMENT_TEAM = J55NJ8X5FG;
				ENABLE_PREVIEWS = YES;
				FRAMEWORK_SEARCH_PATHS = (
					"$(inherited)",
					"$(PROJECT_DIR)",
				);
				GCC_PREFIX_HEADER = "$(SRCROOT)/PrefixHeader.pch";
				GENERATE_INFOPLIST_FILE = YES;
				INFOPLIST_FILE = Blapp/Info.plist;
				INFOPLIST_KEY_NSCameraUsageDescription = "Camera required for preview";
				INFOPLIST_KEY_UIApplicationSceneManifest_Generation = YES;
				INFOPLIST_KEY_UIApplicationSupportsIndirectInputEvents = YES;
				INFOPLIST_KEY_UILaunchStoryboardName = "Launch Screen.storyboard";
				INFOPLIST_KEY_UISupportedInterfaceOrientations_iPad = "UIInterfaceOrientationPortrait UIInterfaceOrientationPortraitUpsideDown UIInterfaceOrientationLandscapeLeft UIInterfaceOrientationLandscapeRight";
				INFOPLIST_KEY_UISupportedInterfaceOrientations_iPhone = "UIInterfaceOrientationPortrait UIInterfaceOrientationLandscapeLeft UIInterfaceOrientationLandscapeRight";
				LD_RUNPATH_SEARCH_PATHS = (
					"$(inherited)",
					"@executable_path/Frameworks",
				);
				MARKETING_VERSION = 1.0;
				PRODUCT_BUNDLE_IDENTIFIER = KTH.Korp.Blapp.1;
				PRODUCT_NAME = "$(TARGET_NAME)";
				SWIFT_EMIT_LOC_STRINGS = YES;
				SWIFT_OBJC_BRIDGING_HEADER = "Blapp-Bridging-Header";
				SWIFT_VERSION = 5.0;
				TARGETED_DEVICE_FAMILY = "1,2";
			};
			name = Release;
		};
		4A2E73172BCD2E2500AE877F /* Debug */ = {
			isa = XCBuildConfiguration;
			buildSettings = {
				ALWAYS_EMBED_SWIFT_STANDARD_LIBRARIES = YES;
				BUNDLE_LOADER = "$(TEST_HOST)";
				CODE_SIGN_STYLE = Automatic;
				CURRENT_PROJECT_VERSION = 1;
				FRAMEWORK_SEARCH_PATHS = (
					"$(inherited)",
					"$(PROJECT_DIR)",
				);
				GENERATE_INFOPLIST_FILE = YES;
				IPHONEOS_DEPLOYMENT_TARGET = 17.4;
				MARKETING_VERSION = 1.0;
				PRODUCT_BUNDLE_IDENTIFIER = KTH.Korp.BlappTests;
				PRODUCT_NAME = "$(TARGET_NAME)";
				SWIFT_EMIT_LOC_STRINGS = NO;
				SWIFT_VERSION = 5.0;
				TARGETED_DEVICE_FAMILY = "1,2";
				TEST_HOST = "$(BUILT_PRODUCTS_DIR)/Blapp.app/$(BUNDLE_EXECUTABLE_FOLDER_PATH)/Blapp";
			};
			name = Debug;
		};
		4A2E73182BCD2E2500AE877F /* Release */ = {
			isa = XCBuildConfiguration;
			buildSettings = {
				ALWAYS_EMBED_SWIFT_STANDARD_LIBRARIES = YES;
				BUNDLE_LOADER = "$(TEST_HOST)";
				CODE_SIGN_STYLE = Automatic;
				CURRENT_PROJECT_VERSION = 1;
				FRAMEWORK_SEARCH_PATHS = (
					"$(inherited)",
					"$(PROJECT_DIR)",
				);
				GENERATE_INFOPLIST_FILE = YES;
				IPHONEOS_DEPLOYMENT_TARGET = 17.4;
				MARKETING_VERSION = 1.0;
				PRODUCT_BUNDLE_IDENTIFIER = KTH.Korp.BlappTests;
				PRODUCT_NAME = "$(TARGET_NAME)";
				SWIFT_EMIT_LOC_STRINGS = NO;
				SWIFT_VERSION = 5.0;
				TARGETED_DEVICE_FAMILY = "1,2";
				TEST_HOST = "$(BUILT_PRODUCTS_DIR)/Blapp.app/$(BUNDLE_EXECUTABLE_FOLDER_PATH)/Blapp";
			};
			name = Release;
		};
		4A2E731A2BCD2E2500AE877F /* Debug */ = {
			isa = XCBuildConfiguration;
			buildSettings = {
				ALWAYS_EMBED_SWIFT_STANDARD_LIBRARIES = YES;
				CODE_SIGN_STYLE = Automatic;
				CURRENT_PROJECT_VERSION = 1;
				FRAMEWORK_SEARCH_PATHS = (
					"$(inherited)",
					"$(PROJECT_DIR)",
				);
				GENERATE_INFOPLIST_FILE = YES;
				MARKETING_VERSION = 1.0;
				PRODUCT_BUNDLE_IDENTIFIER = KTH.Korp.BlappUITests;
				PRODUCT_NAME = "$(TARGET_NAME)";
				SWIFT_EMIT_LOC_STRINGS = NO;
				SWIFT_VERSION = 5.0;
				TARGETED_DEVICE_FAMILY = "1,2";
				TEST_TARGET_NAME = Blapp;
			};
			name = Debug;
		};
		4A2E731B2BCD2E2500AE877F /* Release */ = {
			isa = XCBuildConfiguration;
			buildSettings = {
				ALWAYS_EMBED_SWIFT_STANDARD_LIBRARIES = YES;
				CODE_SIGN_STYLE = Automatic;
				CURRENT_PROJECT_VERSION = 1;
				FRAMEWORK_SEARCH_PATHS = (
					"$(inherited)",
					"$(PROJECT_DIR)",
				);
				GENERATE_INFOPLIST_FILE = YES;
				MARKETING_VERSION = 1.0;
				PRODUCT_BUNDLE_IDENTIFIER = KTH.Korp.BlappUITests;
				PRODUCT_NAME = "$(TARGET_NAME)";
				SWIFT_EMIT_LOC_STRINGS = NO;
				SWIFT_VERSION = 5.0;
				TARGETED_DEVICE_FAMILY = "1,2";
				TEST_TARGET_NAME = Blapp;
			};
			name = Release;
		};
/* End XCBuildConfiguration section */

/* Begin XCConfigurationList section */
		4A2E72EA2BCD2E2300AE877F /* Build configuration list for PBXProject "Blapp" */ = {
			isa = XCConfigurationList;
			buildConfigurations = (
				4A2E73112BCD2E2500AE877F /* Debug */,
				4A2E73122BCD2E2500AE877F /* Release */,
			);
			defaultConfigurationIsVisible = 0;
			defaultConfigurationName = Release;
		};
		4A2E73132BCD2E2500AE877F /* Build configuration list for PBXNativeTarget "Blapp" */ = {
			isa = XCConfigurationList;
			buildConfigurations = (
				4A2E73142BCD2E2500AE877F /* Debug */,
				4A2E73152BCD2E2500AE877F /* Release */,
			);
			defaultConfigurationIsVisible = 0;
			defaultConfigurationName = Release;
		};
		4A2E73162BCD2E2500AE877F /* Build configuration list for PBXNativeTarget "BlappTests" */ = {
			isa = XCConfigurationList;
			buildConfigurations = (
				4A2E73172BCD2E2500AE877F /* Debug */,
				4A2E73182BCD2E2500AE877F /* Release */,
			);
			defaultConfigurationIsVisible = 0;
			defaultConfigurationName = Release;
		};
		4A2E73192BCD2E2500AE877F /* Build configuration list for PBXNativeTarget "BlappUITests" */ = {
			isa = XCConfigurationList;
			buildConfigurations = (
				4A2E731A2BCD2E2500AE877F /* Debug */,
				4A2E731B2BCD2E2500AE877F /* Release */,
			);
			defaultConfigurationIsVisible = 0;
			defaultConfigurationName = Release;
		};
/* End XCConfigurationList section */
	};
	rootObject = 4A2E72E72BCD2E2300AE877F /* Project object */;
}
